
Microsoft Visual Studio Solution File, Format Version 12.00
# Visual Studio Version 16
VisualStudioVersion = 16.0.30804.86
MinimumVisualStudioVersion = 10.0.40219.1
Project("{FAE04EC0-301F-11D3-BF4B-00C04F79EFBC}") = "MultiLanguageProje", "MultiLanguageProje\MultiLanguageProje.csproj", "{95F50B0A-1279-4775-BE87-0E2A99B62AF4}"
EndProject
Global
	GlobalSection(SolutionConfigurationPlatforms) = preSolution
		Debug|Any CPU = Debug|Any CPU
		Release|Any CPU = Release|Any CPU
	EndGlobalSection
	GlobalSection(ProjectConfigurationPlatforms) = postSolution
		{95F50B0A-1279-4775-BE87-0E2A99B62AF4}.Debug|Any CPU.ActiveCfg = Debug|Any CPU
		{95F50B0A-1279-4775-BE87-0E2A99B62AF4}.Debug|Any CPU.Build.0 = Debug|Any CPU
		{95F50B0A-1279-4775-BE87-0E2A99B62AF4}.Release|Any CPU.ActiveCfg = Release|Any CPU
		{95F50B0A-1279-4775-BE87-0E2A99B62AF4}.Release|Any CPU.Build.0 = Release|Any CPU
	EndGlobalSection
	GlobalSection(SolutionProperties) = preSolution
		HideSolutionNode = FALSE
	EndGlobalSection
	GlobalSection(ExtensibilityGlobals) = postSolution
		SolutionGuid = {FA490DD8-EC4A-45FB-92B0-551E6FC27397}
	EndGlobalSection
EndGlobal
